// !$*UTF8*$!
{
	archiveVersion = 1;
	classes = {
	};
	objectVersion = 46;
	objects = {

/* Begin PBXBuildFile section */
		3BC4C08C85F248D01BAD56C6 /* Pods_hubrick_firebaseApp.framework in Frameworks */ = {isa = PBXBuildFile; fileRef = E0969B193C1E639E28A6B653 /* Pods_hubrick_firebaseApp.framework */; };
		CAF0295DA85C7F7231E7C487 /* Pods_hubrick_firebaseAppTests.framework in Frameworks */ = {isa = PBXBuildFile; fileRef = C6FFDA54852FDC3836CB16D8 /* Pods_hubrick_firebaseAppTests.framework */; };
		FB387FA61F153D8500179D87 /* ItemsFeedViewModelsTests.swift in Sources */ = {isa = PBXBuildFile; fileRef = FB387FA51F153D8500179D87 /* ItemsFeedViewModelsTests.swift */; };
		FB387FA81F153ED600179D87 /* ItemTests.swift in Sources */ = {isa = PBXBuildFile; fileRef = FB387FA71F153ED600179D87 /* ItemTests.swift */; };
		FB387FAB1F154A1200179D87 /* feed-item-3.json in Resources */ = {isa = PBXBuildFile; fileRef = FB387FA91F154A1200179D87 /* feed-item-3.json */; };
		FB387FAC1F154A1200179D87 /* feed-item-2.json in Resources */ = {isa = PBXBuildFile; fileRef = FB387FAA1F154A1200179D87 /* feed-item-2.json */; };
		FB387FAE1F154CAE00179D87 /* TestHelpers.swift in Sources */ = {isa = PBXBuildFile; fileRef = FB387FAD1F154CAE00179D87 /* TestHelpers.swift */; };
		FB387FB41F16722800179D87 /* README.md in Sources */ = {isa = PBXBuildFile; fileRef = FB387FB31F16722800179D87 /* README.md */; };
		FB387FB61F1674CF00179D87 /* Info.plist in Resources */ = {isa = PBXBuildFile; fileRef = FB387FB51F1674CF00179D87 /* Info.plist */; };
		FBADEA4C1F0A8BF900F19CDB /* AppDelegate.swift in Sources */ = {isa = PBXBuildFile; fileRef = FBADEA4B1F0A8BF900F19CDB /* AppDelegate.swift */; };
		FBADEA4E1F0A8BF900F19CDB /* MainViewController.swift in Sources */ = {isa = PBXBuildFile; fileRef = FBADEA4D1F0A8BF900F19CDB /* MainViewController.swift */; };
		FBADEA511F0A8BF900F19CDB /* Main.storyboard in Resources */ = {isa = PBXBuildFile; fileRef = FBADEA4F1F0A8BF900F19CDB /* Main.storyboard */; };
		FBADEA531F0A8BF900F19CDB /* Assets.xcassets in Resources */ = {isa = PBXBuildFile; fileRef = FBADEA521F0A8BF900F19CDB /* Assets.xcassets */; };
		FBADEA611F0A8BF900F19CDB /* MainViewControllerTests.swift in Sources */ = {isa = PBXBuildFile; fileRef = FBADEA601F0A8BF900F19CDB /* MainViewControllerTests.swift */; };
		FBADEA721F0A8D9900F19CDB /* feed-card.png in Resources */ = {isa = PBXBuildFile; fileRef = FBADEA6B1F0A8D9900F19CDB /* feed-card.png */; };
		FBADEA731F0A8D9900F19CDB /* feed-item.json in Resources */ = {isa = PBXBuildFile; fileRef = FBADEA6C1F0A8D9900F19CDB /* feed-item.json */; };
		FBADEA741F0A8D9900F19CDB /* google-services.json in Resources */ = {isa = PBXBuildFile; fileRef = FBADEA6D1F0A8D9900F19CDB /* google-services.json */; };
		FBADEA751F0A8D9900F19CDB /* GoogleService-Info.plist in Resources */ = {isa = PBXBuildFile; fileRef = FBADEA6E1F0A8D9900F19CDB /* GoogleService-Info.plist */; };
		FBADEA791F0A8E4B00F19CDB /* ItemTableViewCell.swift in Sources */ = {isa = PBXBuildFile; fileRef = FBADEA771F0A8E4B00F19CDB /* ItemTableViewCell.swift */; };
		FBADEA7A1F0A8E4B00F19CDB /* ItemTableViewCell.xib in Resources */ = {isa = PBXBuildFile; fileRef = FBADEA781F0A8E4B00F19CDB /* ItemTableViewCell.xib */; };
		FBADEA7D1F0A8EAA00F19CDB /* Item.swift in Sources */ = {isa = PBXBuildFile; fileRef = FBADEA7C1F0A8EAA00F19CDB /* Item.swift */; };
		FBADEA801F0A8F2500F19CDB /* ItemViewModel.swift in Sources */ = {isa = PBXBuildFile; fileRef = FBADEA7F1F0A8F2500F19CDB /* ItemViewModel.swift */; };
		FBADEA831F0A9E2000F19CDB /* ItemsFeedViewModel.swift in Sources */ = {isa = PBXBuildFile; fileRef = FBADEA821F0A9E2000F19CDB /* ItemsFeedViewModel.swift */; };
		FBADEA851F0AA11A00F19CDB /* DataProvider.swift in Sources */ = {isa = PBXBuildFile; fileRef = FBADEA841F0AA11A00F19CDB /* DataProvider.swift */; };
		FBADEA871F0AA17C00F19CDB /* HubrickDataProvider.swift in Sources */ = {isa = PBXBuildFile; fileRef = FBADEA861F0AA17C00F19CDB /* HubrickDataProvider.swift */; };
		FBADEA8A1F0AB90B00F19CDB /* image-card.png in Resources */ = {isa = PBXBuildFile; fileRef = FBADEA891F0AB90B00F19CDB /* image-card.png */; };
		FBADEA8C1F0AB9B400F19CDB /* avatar-card.png in Resources */ = {isa = PBXBuildFile; fileRef = FBADEA8B1F0AB9B400F19CDB /* avatar-card.png */; };
/* End PBXBuildFile section */

/* Begin PBXContainerItemProxy section */
		FBADEA5D1F0A8BF900F19CDB /* PBXContainerItemProxy */ = {
			isa = PBXContainerItemProxy;
			containerPortal = FBADEA401F0A8BF900F19CDB /* Project object */;
			proxyType = 1;
			remoteGlobalIDString = FBADEA471F0A8BF900F19CDB;
			remoteInfo = "hubrick-firebaseApp";
		};
/* End PBXContainerItemProxy section */

/* Begin PBXFileReference section */
		0DAE44C8856DA92E3947C10F /* Pods-hubrick-firebaseAppTests.release.xcconfig */ = {isa = PBXFileReference; includeInIndex = 1; lastKnownFileType = text.xcconfig; name = "Pods-hubrick-firebaseAppTests.release.xcconfig"; path = "Pods/Target Support Files/Pods-hubrick-firebaseAppTests/Pods-hubrick-firebaseAppTests.release.xcconfig"; sourceTree = "<group>"; };
		0FFB8EBFEE0D0851954BE165 /* Pods-hubrick-firebaseApp.release.xcconfig */ = {isa = PBXFileReference; includeInIndex = 1; lastKnownFileType = text.xcconfig; name = "Pods-hubrick-firebaseApp.release.xcconfig"; path = "Pods/Target Support Files/Pods-hubrick-firebaseApp/Pods-hubrick-firebaseApp.release.xcconfig"; sourceTree = "<group>"; };
		6AB8B41428E2F97A4B56F25D /* Pods-hubrick-firebaseApp.debug.xcconfig */ = {isa = PBXFileReference; includeInIndex = 1; lastKnownFileType = text.xcconfig; name = "Pods-hubrick-firebaseApp.debug.xcconfig"; path = "Pods/Target Support Files/Pods-hubrick-firebaseApp/Pods-hubrick-firebaseApp.debug.xcconfig"; sourceTree = "<group>"; };
		C6FFDA54852FDC3836CB16D8 /* Pods_hubrick_firebaseAppTests.framework */ = {isa = PBXFileReference; explicitFileType = wrapper.framework; includeInIndex = 0; path = Pods_hubrick_firebaseAppTests.framework; sourceTree = BUILT_PRODUCTS_DIR; };
		E0969B193C1E639E28A6B653 /* Pods_hubrick_firebaseApp.framework */ = {isa = PBXFileReference; explicitFileType = wrapper.framework; includeInIndex = 0; path = Pods_hubrick_firebaseApp.framework; sourceTree = BUILT_PRODUCTS_DIR; };
		E7926AA5BCDE1DF1B233B87E /* Pods-hubrick-firebaseAppTests.debug.xcconfig */ = {isa = PBXFileReference; includeInIndex = 1; lastKnownFileType = text.xcconfig; name = "Pods-hubrick-firebaseAppTests.debug.xcconfig"; path = "Pods/Target Support Files/Pods-hubrick-firebaseAppTests/Pods-hubrick-firebaseAppTests.debug.xcconfig"; sourceTree = "<group>"; };
		FB387FA51F153D8500179D87 /* ItemsFeedViewModelsTests.swift */ = {isa = PBXFileReference; fileEncoding = 4; lastKnownFileType = sourcecode.swift; path = ItemsFeedViewModelsTests.swift; sourceTree = "<group>"; };
		FB387FA71F153ED600179D87 /* ItemTests.swift */ = {isa = PBXFileReference; fileEncoding = 4; lastKnownFileType = sourcecode.swift; path = ItemTests.swift; sourceTree = "<group>"; };
		FB387FA91F154A1200179D87 /* feed-item-3.json */ = {isa = PBXFileReference; fileEncoding = 4; lastKnownFileType = text.json; path = "feed-item-3.json"; sourceTree = "<group>"; };
		FB387FAA1F154A1200179D87 /* feed-item-2.json */ = {isa = PBXFileReference; fileEncoding = 4; lastKnownFileType = text.json; path = "feed-item-2.json"; sourceTree = "<group>"; };
		FB387FAD1F154CAE00179D87 /* TestHelpers.swift */ = {isa = PBXFileReference; fileEncoding = 4; lastKnownFileType = sourcecode.swift; path = TestHelpers.swift; sourceTree = "<group>"; };
		FB387FB31F16722800179D87 /* README.md */ = {isa = PBXFileReference; fileEncoding = 4; lastKnownFileType = net.daringfireball.markdown; path = README.md; sourceTree = "<group>"; };
		FB387FB51F1674CF00179D87 /* Info.plist */ = {isa = PBXFileReference; fileEncoding = 4; lastKnownFileType = text.plist.xml; path = Info.plist; sourceTree = "<group>"; };
		FBADEA481F0A8BF900F19CDB /* hubrick-firebaseApp.app */ = {isa = PBXFileReference; explicitFileType = wrapper.application; includeInIndex = 0; path = "hubrick-firebaseApp.app"; sourceTree = BUILT_PRODUCTS_DIR; };
		FBADEA4B1F0A8BF900F19CDB /* AppDelegate.swift */ = {isa = PBXFileReference; lastKnownFileType = sourcecode.swift; path = AppDelegate.swift; sourceTree = "<group>"; };
		FBADEA4D1F0A8BF900F19CDB /* MainViewController.swift */ = {isa = PBXFileReference; lastKnownFileType = sourcecode.swift; path = MainViewController.swift; sourceTree = "<group>"; };
		FBADEA501F0A8BF900F19CDB /* Base */ = {isa = PBXFileReference; lastKnownFileType = file.storyboard; name = Base; path = Base.lproj/Main.storyboard; sourceTree = "<group>"; };
		FBADEA521F0A8BF900F19CDB /* Assets.xcassets */ = {isa = PBXFileReference; lastKnownFileType = folder.assetcatalog; path = Assets.xcassets; sourceTree = "<group>"; };
		FBADEA5C1F0A8BF900F19CDB /* hubrick-firebaseAppTests.xctest */ = {isa = PBXFileReference; explicitFileType = wrapper.cfbundle; includeInIndex = 0; path = "hubrick-firebaseAppTests.xctest"; sourceTree = BUILT_PRODUCTS_DIR; };
		FBADEA601F0A8BF900F19CDB /* MainViewControllerTests.swift */ = {isa = PBXFileReference; lastKnownFileType = sourcecode.swift; path = MainViewControllerTests.swift; sourceTree = "<group>"; };
		FBADEA621F0A8BF900F19CDB /* Info.plist */ = {isa = PBXFileReference; lastKnownFileType = text.plist.xml; path = Info.plist; sourceTree = "<group>"; };
		FBADEA6B1F0A8D9900F19CDB /* feed-card.png */ = {isa = PBXFileReference; lastKnownFileType = image.png; path = "feed-card.png"; sourceTree = "<group>"; };
		FBADEA6C1F0A8D9900F19CDB /* feed-item.json */ = {isa = PBXFileReference; fileEncoding = 4; lastKnownFileType = text.json; path = "feed-item.json"; sourceTree = "<group>"; };
		FBADEA6D1F0A8D9900F19CDB /* google-services.json */ = {isa = PBXFileReference; fileEncoding = 4; lastKnownFileType = text.json; path = "google-services.json"; sourceTree = "<group>"; };
		FBADEA6E1F0A8D9900F19CDB /* GoogleService-Info.plist */ = {isa = PBXFileReference; fileEncoding = 4; lastKnownFileType = text.plist.xml; path = "GoogleService-Info.plist"; sourceTree = "<group>"; };
		FBADEA771F0A8E4B00F19CDB /* ItemTableViewCell.swift */ = {isa = PBXFileReference; fileEncoding = 4; lastKnownFileType = sourcecode.swift; path = ItemTableViewCell.swift; sourceTree = "<group>"; };
		FBADEA781F0A8E4B00F19CDB /* ItemTableViewCell.xib */ = {isa = PBXFileReference; fileEncoding = 4; lastKnownFileType = file.xib; path = ItemTableViewCell.xib; sourceTree = "<group>"; };
		FBADEA7C1F0A8EAA00F19CDB /* Item.swift */ = {isa = PBXFileReference; fileEncoding = 4; lastKnownFileType = sourcecode.swift; path = Item.swift; sourceTree = "<group>"; };
		FBADEA7F1F0A8F2500F19CDB /* ItemViewModel.swift */ = {isa = PBXFileReference; fileEncoding = 4; lastKnownFileType = sourcecode.swift; path = ItemViewModel.swift; sourceTree = "<group>"; };
		FBADEA821F0A9E2000F19CDB /* ItemsFeedViewModel.swift */ = {isa = PBXFileReference; fileEncoding = 4; lastKnownFileType = sourcecode.swift; path = ItemsFeedViewModel.swift; sourceTree = "<group>"; };
		FBADEA841F0AA11A00F19CDB /* DataProvider.swift */ = {isa = PBXFileReference; fileEncoding = 4; lastKnownFileType = sourcecode.swift; path = DataProvider.swift; sourceTree = "<group>"; };
		FBADEA861F0AA17C00F19CDB /* HubrickDataProvider.swift */ = {isa = PBXFileReference; fileEncoding = 4; lastKnownFileType = sourcecode.swift; path = HubrickDataProvider.swift; sourceTree = "<group>"; };
		FBADEA891F0AB90B00F19CDB /* image-card.png */ = {isa = PBXFileReference; lastKnownFileType = image.png; path = "image-card.png"; sourceTree = "<group>"; };
		FBADEA8B1F0AB9B400F19CDB /* avatar-card.png */ = {isa = PBXFileReference; lastKnownFileType = image.png; path = "avatar-card.png"; sourceTree = "<group>"; };
/* End PBXFileReference section */

/* Begin PBXFrameworksBuildPhase section */
		FBADEA451F0A8BF900F19CDB /* Frameworks */ = {
			isa = PBXFrameworksBuildPhase;
			buildActionMask = 2147483647;
			files = (
				3BC4C08C85F248D01BAD56C6 /* Pods_hubrick_firebaseApp.framework in Frameworks */,
			);
			runOnlyForDeploymentPostprocessing = 0;
		};
		FBADEA591F0A8BF900F19CDB /* Frameworks */ = {
			isa = PBXFrameworksBuildPhase;
			buildActionMask = 2147483647;
			files = (
				CAF0295DA85C7F7231E7C487 /* Pods_hubrick_firebaseAppTests.framework in Frameworks */,
			);
			runOnlyForDeploymentPostprocessing = 0;
		};
/* End PBXFrameworksBuildPhase section */

/* Begin PBXGroup section */
		BF4DAD2537166F54AA446AC4 /* Pods */ = {
			isa = PBXGroup;
			children = (
				6AB8B41428E2F97A4B56F25D /* Pods-hubrick-firebaseApp.debug.xcconfig */,
				0FFB8EBFEE0D0851954BE165 /* Pods-hubrick-firebaseApp.release.xcconfig */,
				E7926AA5BCDE1DF1B233B87E /* Pods-hubrick-firebaseAppTests.debug.xcconfig */,
				0DAE44C8856DA92E3947C10F /* Pods-hubrick-firebaseAppTests.release.xcconfig */,
			);
			name = Pods;
			sourceTree = "<group>";
		};
		D9CD65611A0A47EB3DD3C5DB /* Frameworks */ = {
			isa = PBXGroup;
			children = (
				E0969B193C1E639E28A6B653 /* Pods_hubrick_firebaseApp.framework */,
				C6FFDA54852FDC3836CB16D8 /* Pods_hubrick_firebaseAppTests.framework */,
			);
			name = Frameworks;
			sourceTree = "<group>";
		};
		FBADEA3F1F0A8BF900F19CDB = {
			isa = PBXGroup;
			children = (
				FB387FB31F16722800179D87 /* README.md */,
				FBADEA4A1F0A8BF900F19CDB /* hubrick-firebaseApp */,
				FBADEA5F1F0A8BF900F19CDB /* hubrick-firebaseAppTests */,
				FBADEA711F0A8D9900F19CDB /* mobile-challenge */,
				FBADEA491F0A8BF900F19CDB /* Products */,
				BF4DAD2537166F54AA446AC4 /* Pods */,
				D9CD65611A0A47EB3DD3C5DB /* Frameworks */,
			);
			sourceTree = "<group>";
		};
		FBADEA491F0A8BF900F19CDB /* Products */ = {
			isa = PBXGroup;
			children = (
				FBADEA481F0A8BF900F19CDB /* hubrick-firebaseApp.app */,
				FBADEA5C1F0A8BF900F19CDB /* hubrick-firebaseAppTests.xctest */,
			);
			name = Products;
			sourceTree = "<group>";
		};
		FBADEA4A1F0A8BF900F19CDB /* hubrick-firebaseApp */ = {
			isa = PBXGroup;
			children = (
				FB387FB51F1674CF00179D87 /* Info.plist */,
				FBADEA4B1F0A8BF900F19CDB /* AppDelegate.swift */,
				FBADEA4D1F0A8BF900F19CDB /* MainViewController.swift */,
				FBADEA4F1F0A8BF900F19CDB /* Main.storyboard */,
				FBADEA7B1F0A8E7400F19CDB /* Storyboards */,
				FBADEA881F0AA18300F19CDB /* DataProvider */,
				FBADEA811F0A8F2E00F19CDB /* ViewModels */,
				FBADEA7E1F0A8ED800F19CDB /* Models */,
				FBADEA521F0A8BF900F19CDB /* Assets.xcassets */,
			);
			path = "hubrick-firebaseApp";
			sourceTree = "<group>";
		};
		FBADEA5F1F0A8BF900F19CDB /* hubrick-firebaseAppTests */ = {
			isa = PBXGroup;
			children = (
				FBADEA601F0A8BF900F19CDB /* MainViewControllerTests.swift */,
				FB387FA51F153D8500179D87 /* ItemsFeedViewModelsTests.swift */,
				FB387FA71F153ED600179D87 /* ItemTests.swift */,
				FB387FAD1F154CAE00179D87 /* TestHelpers.swift */,
				FBADEA621F0A8BF900F19CDB /* Info.plist */,
			);
			path = "hubrick-firebaseAppTests";
			sourceTree = "<group>";
		};
		FBADEA6F1F0A8D9900F19CDB /* firebase-configs */ = {
			isa = PBXGroup;
			children = (
				FBADEA6D1F0A8D9900F19CDB /* google-services.json */,
				FBADEA6E1F0A8D9900F19CDB /* GoogleService-Info.plist */,
			);
			path = "firebase-configs";
			sourceTree = "<group>";
		};
		FBADEA711F0A8D9900F19CDB /* mobile-challenge */ = {
			isa = PBXGroup;
			children = (
				FBADEA8B1F0AB9B400F19CDB /* avatar-card.png */,
				FBADEA891F0AB90B00F19CDB /* image-card.png */,
				FBADEA6B1F0A8D9900F19CDB /* feed-card.png */,
				FBADEA6C1F0A8D9900F19CDB /* feed-item.json */,
				FB387FAA1F154A1200179D87 /* feed-item-2.json */,
				FB387FA91F154A1200179D87 /* feed-item-3.json */,
				FBADEA6F1F0A8D9900F19CDB /* firebase-configs */,
			);
			path = "mobile-challenge";
			sourceTree = "<group>";
		};
		FBADEA7B1F0A8E7400F19CDB /* Storyboards */ = {
			isa = PBXGroup;
			children = (
				FBADEA771F0A8E4B00F19CDB /* ItemTableViewCell.swift */,
				FBADEA781F0A8E4B00F19CDB /* ItemTableViewCell.xib */,
			);
			name = Storyboards;
			sourceTree = "<group>";
		};
		FBADEA7E1F0A8ED800F19CDB /* Models */ = {
			isa = PBXGroup;
			children = (
				FBADEA7C1F0A8EAA00F19CDB /* Item.swift */,
			);
			name = Models;
			sourceTree = "<group>";
		};
		FBADEA811F0A8F2E00F19CDB /* ViewModels */ = {
			isa = PBXGroup;
			children = (
				FBADEA7F1F0A8F2500F19CDB /* ItemViewModel.swift */,
				FBADEA821F0A9E2000F19CDB /* ItemsFeedViewModel.swift */,
			);
			name = ViewModels;
			sourceTree = "<group>";
		};
		FBADEA881F0AA18300F19CDB /* DataProvider */ = {
			isa = PBXGroup;
			children = (
				FBADEA841F0AA11A00F19CDB /* DataProvider.swift */,
				FBADEA861F0AA17C00F19CDB /* HubrickDataProvider.swift */,
			);
			name = DataProvider;
			sourceTree = "<group>";
		};
/* End PBXGroup section */

/* Begin PBXNativeTarget section */
		FBADEA471F0A8BF900F19CDB /* hubrick-firebaseApp */ = {
			isa = PBXNativeTarget;
			buildConfigurationList = FBADEA651F0A8BF900F19CDB /* Build configuration list for PBXNativeTarget "hubrick-firebaseApp" */;
			buildPhases = (
				9333AF4C0FAE4D54AF95A360 /* [CP] Check Pods Manifest.lock */,
				FBADEA441F0A8BF900F19CDB /* Sources */,
				FBADEA451F0A8BF900F19CDB /* Frameworks */,
				FBADEA461F0A8BF900F19CDB /* Resources */,
				4E4E74C11CAFF025C2C3AE13 /* [CP] Embed Pods Frameworks */,
				BA64DDA64ADF7767F718811D /* [CP] Copy Pods Resources */,
			);
			buildRules = (
			);
			dependencies = (
			);
			name = "hubrick-firebaseApp";
			productName = "hubrick-firebaseApp";
			productReference = FBADEA481F0A8BF900F19CDB /* hubrick-firebaseApp.app */;
			productType = "com.apple.product-type.application";
		};
		FBADEA5B1F0A8BF900F19CDB /* hubrick-firebaseAppTests */ = {
			isa = PBXNativeTarget;
			buildConfigurationList = FBADEA681F0A8BF900F19CDB /* Build configuration list for PBXNativeTarget "hubrick-firebaseAppTests" */;
			buildPhases = (
				06486B5CEDAFB154D6CEA5A3 /* [CP] Check Pods Manifest.lock */,
				FBADEA581F0A8BF900F19CDB /* Sources */,
				FBADEA591F0A8BF900F19CDB /* Frameworks */,
				FBADEA5A1F0A8BF900F19CDB /* Resources */,
				E71ECB3CC8FEE39BBEE1C288 /* [CP] Embed Pods Frameworks */,
				AB7E91FA001982FE85784F1D /* [CP] Copy Pods Resources */,
			);
			buildRules = (
			);
			dependencies = (
				FBADEA5E1F0A8BF900F19CDB /* PBXTargetDependency */,
			);
			name = "hubrick-firebaseAppTests";
			productName = "hubrick-firebaseAppTests";
			productReference = FBADEA5C1F0A8BF900F19CDB /* hubrick-firebaseAppTests.xctest */;
			productType = "com.apple.product-type.bundle.unit-test";
		};
/* End PBXNativeTarget section */

/* Begin PBXProject section */
		FBADEA401F0A8BF900F19CDB /* Project object */ = {
			isa = PBXProject;
			attributes = {
				LastSwiftUpdateCheck = 0830;
				LastUpgradeCheck = 0830;
				ORGANIZATIONNAME = "--AnonymousChallenge--";
				TargetAttributes = {
					FBADEA471F0A8BF900F19CDB = {
						CreatedOnToolsVersion = 8.3.2;
						DevelopmentTeam = 9A34CKLEP5;
						ProvisioningStyle = Automatic;
						SystemCapabilities = {
							com.apple.BackgroundModes = {
								enabled = 0;
							};
						};
					};
					FBADEA5B1F0A8BF900F19CDB = {
						CreatedOnToolsVersion = 8.3.2;
						ProvisioningStyle = Automatic;
						TestTargetID = FBADEA471F0A8BF900F19CDB;
					};
				};
			};
			buildConfigurationList = FBADEA431F0A8BF900F19CDB /* Build configuration list for PBXProject "hubrick-firebaseApp" */;
			compatibilityVersion = "Xcode 3.2";
			developmentRegion = English;
			hasScannedForEncodings = 0;
			knownRegions = (
				en,
				Base,
			);
			mainGroup = FBADEA3F1F0A8BF900F19CDB;
			productRefGroup = FBADEA491F0A8BF900F19CDB /* Products */;
			projectDirPath = "";
			projectRoot = "";
			targets = (
				FBADEA471F0A8BF900F19CDB /* hubrick-firebaseApp */,
				FBADEA5B1F0A8BF900F19CDB /* hubrick-firebaseAppTests */,
			);
		};
/* End PBXProject section */

/* Begin PBXResourcesBuildPhase section */
		FBADEA461F0A8BF900F19CDB /* Resources */ = {
			isa = PBXResourcesBuildPhase;
			buildActionMask = 2147483647;
			files = (
				FBADEA8C1F0AB9B400F19CDB /* avatar-card.png in Resources */,
				FBADEA731F0A8D9900F19CDB /* feed-item.json in Resources */,
				FBADEA741F0A8D9900F19CDB /* google-services.json in Resources */,
				FBADEA531F0A8BF900F19CDB /* Assets.xcassets in Resources */,
				FBADEA8A1F0AB90B00F19CDB /* image-card.png in Resources */,
				FBADEA511F0A8BF900F19CDB /* Main.storyboard in Resources */,
				FBADEA721F0A8D9900F19CDB /* feed-card.png in Resources */,
				FBADEA7A1F0A8E4B00F19CDB /* ItemTableViewCell.xib in Resources */,
				FB387FB61F1674CF00179D87 /* Info.plist in Resources */,
				FBADEA751F0A8D9900F19CDB /* GoogleService-Info.plist in Resources */,
			);
			runOnlyForDeploymentPostprocessing = 0;
		};
		FBADEA5A1F0A8BF900F19CDB /* Resources */ = {
			isa = PBXResourcesBuildPhase;
			buildActionMask = 2147483647;
			files = (
				FB387FAB1F154A1200179D87 /* feed-item-3.json in Resources */,
				FB387FAC1F154A1200179D87 /* feed-item-2.json in Resources */,
			);
			runOnlyForDeploymentPostprocessing = 0;
		};
/* End PBXResourcesBuildPhase section */

/* Begin PBXShellScriptBuildPhase section */
		06486B5CEDAFB154D6CEA5A3 /* [CP] Check Pods Manifest.lock */ = {
			isa = PBXShellScriptBuildPhase;
			buildActionMask = 2147483647;
			files = (
			);
			inputPaths = (
			);
			name = "[CP] Check Pods Manifest.lock";
			outputPaths = (
			);
			runOnlyForDeploymentPostprocessing = 0;
			shellPath = /bin/sh;
			shellScript = "diff \"${PODS_PODFILE_DIR_PATH}/Podfile.lock\" \"${PODS_ROOT}/Manifest.lock\" > /dev/null\nif [ $? != 0 ] ; then\n    # print error to STDERR\n    echo \"error: The sandbox is not in sync with the Podfile.lock. Run 'pod install' or update your CocoaPods installation.\" >&2\n    exit 1\nfi\n";
			showEnvVarsInLog = 0;
		};
		4E4E74C11CAFF025C2C3AE13 /* [CP] Embed Pods Frameworks */ = {
			isa = PBXShellScriptBuildPhase;
			buildActionMask = 2147483647;
			files = (
			);
			inputPaths = (
			);
			name = "[CP] Embed Pods Frameworks";
			outputPaths = (
			);
			runOnlyForDeploymentPostprocessing = 0;
			shellPath = /bin/sh;
			shellScript = "\"${SRCROOT}/Pods/Target Support Files/Pods-hubrick-firebaseApp/Pods-hubrick-firebaseApp-frameworks.sh\"\n";
			showEnvVarsInLog = 0;
		};
		9333AF4C0FAE4D54AF95A360 /* [CP] Check Pods Manifest.lock */ = {
			isa = PBXShellScriptBuildPhase;
			buildActionMask = 2147483647;
			files = (
			);
			inputPaths = (
			);
			name = "[CP] Check Pods Manifest.lock";
			outputPaths = (
			);
			runOnlyForDeploymentPostprocessing = 0;
			shellPath = /bin/sh;
			shellScript = "diff \"${PODS_PODFILE_DIR_PATH}/Podfile.lock\" \"${PODS_ROOT}/Manifest.lock\" > /dev/null\nif [ $? != 0 ] ; then\n    # print error to STDERR\n    echo \"error: The sandbox is not in sync with the Podfile.lock. Run 'pod install' or update your CocoaPods installation.\" >&2\n    exit 1\nfi\n";
			showEnvVarsInLog = 0;
		};
		AB7E91FA001982FE85784F1D /* [CP] Copy Pods Resources */ = {
			isa = PBXShellScriptBuildPhase;
			buildActionMask = 2147483647;
			files = (
			);
			inputPaths = (
			);
			name = "[CP] Copy Pods Resources";
			outputPaths = (
			);
			runOnlyForDeploymentPostprocessing = 0;
			shellPath = /bin/sh;
			shellScript = "\"${SRCROOT}/Pods/Target Support Files/Pods-hubrick-firebaseAppTests/Pods-hubrick-firebaseAppTests-resources.sh\"\n";
			showEnvVarsInLog = 0;
		};
		BA64DDA64ADF7767F718811D /* [CP] Copy Pods Resources */ = {
			isa = PBXShellScriptBuildPhase;
			buildActionMask = 2147483647;
			files = (
			);
			inputPaths = (
			);
			name = "[CP] Copy Pods Resources";
			outputPaths = (
			);
			runOnlyForDeploymentPostprocessing = 0;
			shellPath = /bin/sh;
			shellScript = "\"${SRCROOT}/Pods/Target Support Files/Pods-hubrick-firebaseApp/Pods-hubrick-firebaseApp-resources.sh\"\n";
			showEnvVarsInLog = 0;
		};
		E71ECB3CC8FEE39BBEE1C288 /* [CP] Embed Pods Frameworks */ = {
			isa = PBXShellScriptBuildPhase;
			buildActionMask = 2147483647;
			files = (
			);
			inputPaths = (
			);
			name = "[CP] Embed Pods Frameworks";
			outputPaths = (
			);
			runOnlyForDeploymentPostprocessing = 0;
			shellPath = /bin/sh;
			shellScript = "\"${SRCROOT}/Pods/Target Support Files/Pods-hubrick-firebaseAppTests/Pods-hubrick-firebaseAppTests-frameworks.sh\"\n";
			showEnvVarsInLog = 0;
		};
/* End PBXShellScriptBuildPhase section */

/* Begin PBXSourcesBuildPhase section */
		FBADEA441F0A8BF900F19CDB /* Sources */ = {
			isa = PBXSourcesBuildPhase;
			buildActionMask = 2147483647;
			files = (
				FBADEA831F0A9E2000F19CDB /* ItemsFeedViewModel.swift in Sources */,
				FBADEA7D1F0A8EAA00F19CDB /* Item.swift in Sources */,
				FBADEA851F0AA11A00F19CDB /* DataProvider.swift in Sources */,
				FBADEA791F0A8E4B00F19CDB /* ItemTableViewCell.swift in Sources */,
				FBADEA4E1F0A8BF900F19CDB /* MainViewController.swift in Sources */,
				FBADEA871F0AA17C00F19CDB /* HubrickDataProvider.swift in Sources */,
				FB387FB41F16722800179D87 /* README.md in Sources */,
				FBADEA4C1F0A8BF900F19CDB /* AppDelegate.swift in Sources */,
				FBADEA801F0A8F2500F19CDB /* ItemViewModel.swift in Sources */,
			);
			runOnlyForDeploymentPostprocessing = 0;
		};
		FBADEA581F0A8BF900F19CDB /* Sources */ = {
			isa = PBXSourcesBuildPhase;
			buildActionMask = 2147483647;
			files = (
				FBADEA611F0A8BF900F19CDB /* MainViewControllerTests.swift in Sources */,
				FB387FA61F153D8500179D87 /* ItemsFeedViewModelsTests.swift in Sources */,
				FB387FA81F153ED600179D87 /* ItemTests.swift in Sources */,
				FB387FAE1F154CAE00179D87 /* TestHelpers.swift in Sources */,
			);
			runOnlyForDeploymentPostprocessing = 0;
		};
/* End PBXSourcesBuildPhase section */

/* Begin PBXTargetDependency section */
		FBADEA5E1F0A8BF900F19CDB /* PBXTargetDependency */ = {
			isa = PBXTargetDependency;
			target = FBADEA471F0A8BF900F19CDB /* hubrick-firebaseApp */;
			targetProxy = FBADEA5D1F0A8BF900F19CDB /* PBXContainerItemProxy */;
		};
/* End PBXTargetDependency section */

/* Begin PBXVariantGroup section */
		FBADEA4F1F0A8BF900F19CDB /* Main.storyboard */ = {
			isa = PBXVariantGroup;
			children = (
				FBADEA501F0A8BF900F19CDB /* Base */,
			);
			name = Main.storyboard;
			sourceTree = "<group>";
		};
/* End PBXVariantGroup section */

/* Begin XCBuildConfiguration section */
		FBADEA631F0A8BF900F19CDB /* Debug */ = {
			isa = XCBuildConfiguration;
			buildSettings = {
				ALWAYS_SEARCH_USER_PATHS = NO;
				CLANG_ANALYZER_NONNULL = YES;
				CLANG_ANALYZER_NUMBER_OBJECT_CONVERSION = YES_AGGRESSIVE;
				CLANG_CXX_LANGUAGE_STANDARD = "gnu++0x";
				CLANG_CXX_LIBRARY = "libc++";
				CLANG_ENABLE_MODULES = YES;
				CLANG_ENABLE_OBJC_ARC = YES;
				CLANG_WARN_BOOL_CONVERSION = YES;
				CLANG_WARN_CONSTANT_CONVERSION = YES;
				CLANG_WARN_DIRECT_OBJC_ISA_USAGE = YES_ERROR;
				CLANG_WARN_DOCUMENTATION_COMMENTS = YES;
				CLANG_WARN_EMPTY_BODY = YES;
				CLANG_WARN_ENUM_CONVERSION = YES;
				CLANG_WARN_INFINITE_RECURSION = YES;
				CLANG_WARN_INT_CONVERSION = YES;
				CLANG_WARN_OBJC_ROOT_CLASS = YES_ERROR;
				CLANG_WARN_SUSPICIOUS_MOVE = YES;
				CLANG_WARN_UNREACHABLE_CODE = YES;
				CLANG_WARN__DUPLICATE_METHOD_MATCH = YES;
				"CODE_SIGN_IDENTITY[sdk=iphoneos*]" = "iPhone Developer";
				COPY_PHASE_STRIP = NO;
				DEBUG_INFORMATION_FORMAT = dwarf;
				ENABLE_STRICT_OBJC_MSGSEND = YES;
				ENABLE_TESTABILITY = YES;
				GCC_C_LANGUAGE_STANDARD = gnu99;
				GCC_DYNAMIC_NO_PIC = NO;
				GCC_NO_COMMON_BLOCKS = YES;
				GCC_OPTIMIZATION_LEVEL = 0;
				GCC_PREPROCESSOR_DEFINITIONS = (
					"DEBUG=1",
					"$(inherited)",
				);
				GCC_WARN_64_TO_32_BIT_CONVERSION = YES;
				GCC_WARN_ABOUT_RETURN_TYPE = YES_ERROR;
				GCC_WARN_UNDECLARED_SELECTOR = YES;
				GCC_WARN_UNINITIALIZED_AUTOS = YES_AGGRESSIVE;
				GCC_WARN_UNUSED_FUNCTION = YES;
				GCC_WARN_UNUSED_VARIABLE = YES;
				IPHONEOS_DEPLOYMENT_TARGET = 10.3;
				MTL_ENABLE_DEBUG_INFO = YES;
				ONLY_ACTIVE_ARCH = YES;
				SDKROOT = iphoneos;
				SWIFT_ACTIVE_COMPILATION_CONDITIONS = DEBUG;
				SWIFT_OPTIMIZATION_LEVEL = "-Onone";
				TARGETED_DEVICE_FAMILY = "1,2";
			};
			name = Debug;
		};
		FBADEA641F0A8BF900F19CDB /* Release */ = {
			isa = XCBuildConfiguration;
			buildSettings = {
				ALWAYS_SEARCH_USER_PATHS = NO;
				CLANG_ANALYZER_NONNULL = YES;
				CLANG_ANALYZER_NUMBER_OBJECT_CONVERSION = YES_AGGRESSIVE;
				CLANG_CXX_LANGUAGE_STANDARD = "gnu++0x";
				CLANG_CXX_LIBRARY = "libc++";
				CLANG_ENABLE_MODULES = YES;
				CLANG_ENABLE_OBJC_ARC = YES;
				CLANG_WARN_BOOL_CONVERSION = YES;
				CLANG_WARN_CONSTANT_CONVERSION = YES;
				CLANG_WARN_DIRECT_OBJC_ISA_USAGE = YES_ERROR;
				CLANG_WARN_DOCUMENTATION_COMMENTS = YES;
				CLANG_WARN_EMPTY_BODY = YES;
				CLANG_WARN_ENUM_CONVERSION = YES;
				CLANG_WARN_INFINITE_RECURSION = YES;
				CLANG_WARN_INT_CONVERSION = YES;
				CLANG_WARN_OBJC_ROOT_CLASS = YES_ERROR;
				CLANG_WARN_SUSPICIOUS_MOVE = YES;
				CLANG_WARN_UNREACHABLE_CODE = YES;
				CLANG_WARN__DUPLICATE_METHOD_MATCH = YES;
				"CODE_SIGN_IDENTITY[sdk=iphoneos*]" = "iPhone Developer";
				COPY_PHASE_STRIP = NO;
				DEBUG_INFORMATION_FORMAT = "dwarf-with-dsym";
				ENABLE_NS_ASSERTIONS = NO;
				ENABLE_STRICT_OBJC_MSGSEND = YES;
				GCC_C_LANGUAGE_STANDARD = gnu99;
				GCC_NO_COMMON_BLOCKS = YES;
				GCC_WARN_64_TO_32_BIT_CONVERSION = YES;
				GCC_WARN_ABOUT_RETURN_TYPE = YES_ERROR;
				GCC_WARN_UNDECLARED_SELECTOR = YES;
				GCC_WARN_UNINITIALIZED_AUTOS = YES_AGGRESSIVE;
				GCC_WARN_UNUSED_FUNCTION = YES;
				GCC_WARN_UNUSED_VARIABLE = YES;
				IPHONEOS_DEPLOYMENT_TARGET = 10.3;
				MTL_ENABLE_DEBUG_INFO = NO;
				SDKROOT = iphoneos;
				SWIFT_OPTIMIZATION_LEVEL = "-Owholemodule";
				TARGETED_DEVICE_FAMILY = "1,2";
				VALIDATE_PRODUCT = YES;
			};
			name = Release;
		};
		FBADEA661F0A8BF900F19CDB /* Debug */ = {
			isa = XCBuildConfiguration;
			baseConfigurationReference = 6AB8B41428E2F97A4B56F25D /* Pods-hubrick-firebaseApp.debug.xcconfig */;
			buildSettings = {
				ASSETCATALOG_COMPILER_APPICON_NAME = AppIcon;
				DEVELOPMENT_TEAM = 9A34CKLEP5;
				INFOPLIST_FILE = "hubrick-firebaseApp/Info.plist";
				LD_RUNPATH_SEARCH_PATHS = "$(inherited) @executable_path/Frameworks";
				PRODUCT_BUNDLE_IDENTIFIER = "com.hubrick.challenge.hubrick-firebaseApp";
				PRODUCT_NAME = "$(TARGET_NAME)";
				SWIFT_VERSION = 3.0;
			};
			name = Debug;
		};
		FBADEA671F0A8BF900F19CDB /* Release */ = {
			isa = XCBuildConfiguration;
			baseConfigurationReference = 0FFB8EBFEE0D0851954BE165 /* Pods-hubrick-firebaseApp.release.xcconfig */;
			buildSettings = {
				ASSETCATALOG_COMPILER_APPICON_NAME = AppIcon;
				DEVELOPMENT_TEAM = 9A34CKLEP5;
				INFOPLIST_FILE = "hubrick-firebaseApp/Info.plist";
				LD_RUNPATH_SEARCH_PATHS = "$(inherited) @executable_path/Frameworks";
				PRODUCT_BUNDLE_IDENTIFIER = "com.hubrick.challenge.hubrick-firebaseApp";
				PRODUCT_NAME = "$(TARGET_NAME)";
				SWIFT_VERSION = 3.0;
			};
			name = Release;
		};
		FBADEA691F0A8BF900F19CDB /* Debug */ = {
			isa = XCBuildConfiguration;
			baseConfigurationReference = E7926AA5BCDE1DF1B233B87E /* Pods-hubrick-firebaseAppTests.debug.xcconfig */;
			buildSettings = {
				ALWAYS_EMBED_SWIFT_STANDARD_LIBRARIES = YES;
				BUNDLE_LOADER = "$(TEST_HOST)";
				INFOPLIST_FILE = "hubrick-firebaseAppTests/Info.plist";
				LD_RUNPATH_SEARCH_PATHS = "$(inherited) @executable_path/Frameworks @loader_path/Frameworks";
				PRODUCT_BUNDLE_IDENTIFIER = "com.hubrick.challenge.hubrick-firebaseAppTests";
				PRODUCT_NAME = "$(TARGET_NAME)";
				SWIFT_VERSION = 3.0;
				TEST_HOST = "$(BUILT_PRODUCTS_DIR)/hubrick-firebaseApp.app/hubrick-firebaseApp";
			};
			name = Debug;
		};
		FBADEA6A1F0A8BF900F19CDB /* Release */ = {
			isa = XCBuildConfiguration;
			baseConfigurationReference = 0DAE44C8856DA92E3947C10F /* Pods-hubrick-firebaseAppTests.release.xcconfig */;
			buildSettings = {
				ALWAYS_EMBED_SWIFT_STANDARD_LIBRARIES = YES;
				BUNDLE_LOADER = "$(TEST_HOST)";
				INFOPLIST_FILE = "hubrick-firebaseAppTests/Info.plist";
				LD_RUNPATH_SEARCH_PATHS = "$(inherited) @executable_path/Frameworks @loader_path/Frameworks";
				PRODUCT_BUNDLE_IDENTIFIER = "com.hubrick.challenge.hubrick-firebaseAppTests";
				PRODUCT_NAME = "$(TARGET_NAME)";
				SWIFT_VERSION = 3.0;
				TEST_HOST = "$(BUILT_PRODUCTS_DIR)/hubrick-firebaseApp.app/hubrick-firebaseApp";
			};
			name = Release;
		};
/* End XCBuildConfiguration section */

/* Begin XCConfigurationList section */
		FBADEA431F0A8BF900F19CDB /* Build configuration list for PBXProject "hubrick-firebaseApp" */ = {
			isa = XCConfigurationList;
			buildConfigurations = (
				FBADEA631F0A8BF900F19CDB /* Debug */,
				FBADEA641F0A8BF900F19CDB /* Release */,
			);
			defaultConfigurationIsVisible = 0;
			defaultConfigurationName = Release;
		};
		FBADEA651F0A8BF900F19CDB /* Build configuration list for PBXNativeTarget "hubrick-firebaseApp" */ = {
			isa = XCConfigurationList;
			buildConfigurations = (
				FBADEA661F0A8BF900F19CDB /* Debug */,
				FBADEA671F0A8BF900F19CDB /* Release */,
			);
			defaultConfigurationIsVisible = 0;
			defaultConfigurationName = Release;
		};
		FBADEA681F0A8BF900F19CDB /* Build configuration list for PBXNativeTarget "hubrick-firebaseAppTests" */ = {
			isa = XCConfigurationList;
			buildConfigurations = (
				FBADEA691F0A8BF900F19CDB /* Debug */,
				FBADEA6A1F0A8BF900F19CDB /* Release */,
			);
			defaultConfigurationIsVisible = 0;
			defaultConfigurationName = Release;
		};
/* End XCConfigurationList section */
	};
	rootObject = FBADEA401F0A8BF900F19CDB /* Project object */;
}
